
Microsoft Visual Studio Solution File, Format Version 12.00
# Visual Studio 15
VisualStudioVersion = 15.0.26124.0
MinimumVisualStudioVersion = 15.0.26124.0
Project("{FAE04EC0-301F-11D3-BF4B-00C04F79EFBC}") = "ClemBot.Api.Core", "ClemBot.Api.Core\ClemBot.Api.Core.csproj", "{2531D687-6327-41B0-B02F-A206E9E91934}"
EndProject
Project("{FAE04EC0-301F-11D3-BF4B-00C04F79EFBC}") = "ClemBot.Api.Data", "ClemBot.Api.Data\ClemBot.Api.Data.csproj", "{E50254A4-66C8-4EF1-AE81-172D2E51F461}"
EndProject
Project("{FAE04EC0-301F-11D3-BF4B-00C04F79EFBC}") = "ClemBot.Api.Services", "ClemBot.Api.Services\ClemBot.Api.Services.csproj", "{1673A4E8-4BE2-4255-968A-D562D51FAE95}"
EndProject
Project("{FAE04EC0-301F-11D3-BF4B-00C04F79EFBC}") = "ClemBot.Api.Common", "ClemBot.Api.Common\ClemBot.Api.Common.csproj", "{F84B8C5F-E9CC-4705-87B1-D428F205AFAE}"
EndProject
Global
	GlobalSection(SolutionConfigurationPlatforms) = preSolution
		Debug|Any CPU = Debug|Any CPU
		Debug|x64 = Debug|x64
		Debug|x86 = Debug|x86
		Release|Any CPU = Release|Any CPU
		Release|x64 = Release|x64
		Release|x86 = Release|x86
	EndGlobalSection
	GlobalSection(SolutionProperties) = preSolution
		HideSolutionNode = FALSE
	EndGlobalSection
	GlobalSection(ProjectConfigurationPlatforms) = postSolution
		{2531D687-6327-41B0-B02F-A206E9E91934}.Debug|Any CPU.ActiveCfg = Debug|Any CPU
		{2531D687-6327-41B0-B02F-A206E9E91934}.Debug|Any CPU.Build.0 = Debug|Any CPU
		{2531D687-6327-41B0-B02F-A206E9E91934}.Debug|x64.ActiveCfg = Debug|Any CPU
		{2531D687-6327-41B0-B02F-A206E9E91934}.Debug|x64.Build.0 = Debug|Any CPU
		{2531D687-6327-41B0-B02F-A206E9E91934}.Debug|x86.ActiveCfg = Debug|Any CPU
		{2531D687-6327-41B0-B02F-A206E9E91934}.Debug|x86.Build.0 = Debug|Any CPU
		{2531D687-6327-41B0-B02F-A206E9E91934}.Release|Any CPU.ActiveCfg = Release|Any CPU
		{2531D687-6327-41B0-B02F-A206E9E91934}.Release|Any CPU.Build.0 = Release|Any CPU
		{2531D687-6327-41B0-B02F-A206E9E91934}.Release|x64.ActiveCfg = Release|Any CPU
		{2531D687-6327-41B0-B02F-A206E9E91934}.Release|x64.Build.0 = Release|Any CPU
		{2531D687-6327-41B0-B02F-A206E9E91934}.Release|x86.ActiveCfg = Release|Any CPU
		{2531D687-6327-41B0-B02F-A206E9E91934}.Release|x86.Build.0 = Release|Any CPU
		{E50254A4-66C8-4EF1-AE81-172D2E51F461}.Debug|Any CPU.ActiveCfg = Debug|Any CPU
		{E50254A4-66C8-4EF1-AE81-172D2E51F461}.Debug|Any CPU.Build.0 = Debug|Any CPU
		{E50254A4-66C8-4EF1-AE81-172D2E51F461}.Debug|x64.ActiveCfg = Debug|Any CPU
		{E50254A4-66C8-4EF1-AE81-172D2E51F461}.Debug|x64.Build.0 = Debug|Any CPU
		{E50254A4-66C8-4EF1-AE81-172D2E51F461}.Debug|x86.ActiveCfg = Debug|Any CPU
		{E50254A4-66C8-4EF1-AE81-172D2E51F461}.Debug|x86.Build.0 = Debug|Any CPU
		{E50254A4-66C8-4EF1-AE81-172D2E51F461}.Release|Any CPU.ActiveCfg = Release|Any CPU
		{E50254A4-66C8-4EF1-AE81-172D2E51F461}.Release|Any CPU.Build.0 = Release|Any CPU
		{E50254A4-66C8-4EF1-AE81-172D2E51F461}.Release|x64.ActiveCfg = Release|Any CPU
		{E50254A4-66C8-4EF1-AE81-172D2E51F461}.Release|x64.Build.0 = Release|Any CPU
		{E50254A4-66C8-4EF1-AE81-172D2E51F461}.Release|x86.ActiveCfg = Release|Any CPU
		{E50254A4-66C8-4EF1-AE81-172D2E51F461}.Release|x86.Build.0 = Release|Any CPU
		{1673A4E8-4BE2-4255-968A-D562D51FAE95}.Debug|Any CPU.ActiveCfg = Debug|Any CPU
		{1673A4E8-4BE2-4255-968A-D562D51FAE95}.Debug|Any CPU.Build.0 = Debug|Any CPU
		{1673A4E8-4BE2-4255-968A-D562D51FAE95}.Debug|x64.ActiveCfg = Debug|Any CPU
		{1673A4E8-4BE2-4255-968A-D562D51FAE95}.Debug|x64.Build.0 = Debug|Any CPU
		{1673A4E8-4BE2-4255-968A-D562D51FAE95}.Debug|x86.ActiveCfg = Debug|Any CPU
		{1673A4E8-4BE2-4255-968A-D562D51FAE95}.Debug|x86.Build.0 = Debug|Any CPU
		{1673A4E8-4BE2-4255-968A-D562D51FAE95}.Release|Any CPU.ActiveCfg = Release|Any CPU
		{1673A4E8-4BE2-4255-968A-D562D51FAE95}.Release|Any CPU.Build.0 = Release|Any CPU
		{1673A4E8-4BE2-4255-968A-D562D51FAE95}.Release|x64.ActiveCfg = Release|Any CPU
		{1673A4E8-4BE2-4255-968A-D562D51FAE95}.Release|x64.Build.0 = Release|Any CPU
		{1673A4E8-4BE2-4255-968A-D562D51FAE95}.Release|x86.ActiveCfg = Release|Any CPU
		{1673A4E8-4BE2-4255-968A-D562D51FAE95}.Release|x86.Build.0 = Release|Any CPU
		{F84B8C5F-E9CC-4705-87B1-D428F205AFAE}.Debug|Any CPU.ActiveCfg = Debug|Any CPU
		{F84B8C5F-E9CC-4705-87B1-D428F205AFAE}.Debug|Any CPU.Build.0 = Debug|Any CPU
		{F84B8C5F-E9CC-4705-87B1-D428F205AFAE}.Debug|x64.ActiveCfg = Debug|Any CPU
		{F84B8C5F-E9CC-4705-87B1-D428F205AFAE}.Debug|x64.Build.0 = Debug|Any CPU
		{F84B8C5F-E9CC-4705-87B1-D428F205AFAE}.Debug|x86.ActiveCfg = Debug|Any CPU
		{F84B8C5F-E9CC-4705-87B1-D428F205AFAE}.Debug|x86.Build.0 = Debug|Any CPU
		{F84B8C5F-E9CC-4705-87B1-D428F205AFAE}.Release|Any CPU.ActiveCfg = Release|Any CPU
		{F84B8C5F-E9CC-4705-87B1-D428F205AFAE}.Release|Any CPU.Build.0 = Release|Any CPU
		{F84B8C5F-E9CC-4705-87B1-D428F205AFAE}.Release|x64.ActiveCfg = Release|Any CPU
		{F84B8C5F-E9CC-4705-87B1-D428F205AFAE}.Release|x64.Build.0 = Release|Any CPU
		{F84B8C5F-E9CC-4705-87B1-D428F205AFAE}.Release|x86.ActiveCfg = Release|Any CPU
		{F84B8C5F-E9CC-4705-87B1-D428F205AFAE}.Release|x86.Build.0 = Release|Any CPU
	EndGlobalSection
EndGlobal
